
Microsoft Visual Studio Solution File, Format Version 12.00
# Visual Studio Version 17
VisualStudioVersion = 17.8.34525.116
MinimumVisualStudioVersion = 10.0.40219.1
Project("{FAE04EC0-301F-11D3-BF4B-00C04F79EFBC}") = "KhumaloCraft", "KhumaloCraft.csproj", "{1A9B7C23-FF96-425D-AC47-62E440E87F01}"
EndProject
Global
	GlobalSection(SolutionConfigurationPlatforms) = preSolution
		Debug|Any CPU = Debug|Any CPU
		Release|Any CPU = Release|Any CPU
	EndGlobalSection
	GlobalSection(ProjectConfigurationPlatforms) = postSolution
		{1A9B7C23-FF96-425D-AC47-62E440E87F01}.Debug|Any CPU.ActiveCfg = Debug|Any CPU
		{1A9B7C23-FF96-425D-AC47-62E440E87F01}.Debug|Any CPU.Build.0 = Debug|Any CPU
		{1A9B7C23-FF96-425D-AC47-62E440E87F01}.Release|Any CPU.ActiveCfg = Release|Any CPU
		{1A9B7C23-FF96-425D-AC47-62E440E87F01}.Release|Any CPU.Build.0 = Release|Any CPU
	EndGlobalSection
	GlobalSection(SolutionProperties) = preSolution
		HideSolutionNode = FALSE
	EndGlobalSection
	GlobalSection(ExtensibilityGlobals) = postSolution
		SolutionGuid = {0AD016CD-77FE-4323-AE50-9EE28CE7E2A5}
	EndGlobalSection
EndGlobal
